
Microsoft Visual Studio Solution File, Format Version 12.00
# Visual Studio Version 17
VisualStudioVersion = 17.7.34202.233
MinimumVisualStudioVersion = 10.0.40219.1
Project("{FAE04EC0-301F-11D3-BF4B-00C04F79EFBC}") = "Practica 8", "Practica 8.csproj", "{D11A9BFE-27AF-46B9-9698-3A56FE73026E}"
EndProject
Global
	GlobalSection(SolutionConfigurationPlatforms) = preSolution
		Debug|Any CPU = Debug|Any CPU
		Release|Any CPU = Release|Any CPU
	EndGlobalSection
	GlobalSection(ProjectConfigurationPlatforms) = postSolution
		{D11A9BFE-27AF-46B9-9698-3A56FE73026E}.Debug|Any CPU.ActiveCfg = Debug|Any CPU
		{D11A9BFE-27AF-46B9-9698-3A56FE73026E}.Debug|Any CPU.Build.0 = Debug|Any CPU
		{D11A9BFE-27AF-46B9-9698-3A56FE73026E}.Release|Any CPU.ActiveCfg = Release|Any CPU
		{D11A9BFE-27AF-46B9-9698-3A56FE73026E}.Release|Any CPU.Build.0 = Release|Any CPU
	EndGlobalSection
	GlobalSection(SolutionProperties) = preSolution
		HideSolutionNode = FALSE
	EndGlobalSection
	GlobalSection(ExtensibilityGlobals) = postSolution
		SolutionGuid = {7286FA3B-786A-49DB-B58B-400AD7AB9335}
	EndGlobalSection
EndGlobal
